{
  "originHash" : "643c9a3c2b6494d57532e234e5bd37df0f04117e65d81e6d22d72b6b910ef4fb",
  "pins" : [
    {
      "identity" : "aexml",
      "kind" : "remoteSourceControl",
      "location" : "https://github.com/tadija/AEXML.git",
      "state" : {
        "revision" : "38f7d00b23ecd891e1ee656fa6aeebd6ba04ecc3",
        "version" : "4.6.1"
      }
    },
    {
      "identity" : "pathkit",
      "kind" : "remoteSourceControl",
      "location" : "https://github.com/kylef/PathKit",
      "state" : {
        "revision" : "3bfd2737b700b9a36565a8c94f4ad2b050a5e574",
        "version" : "1.0.1"
      }
    },
    {
      "identity" : "sourcekitten",
      "kind" : "remoteSourceControl",
      "location" : "https://github.com/jpsim/SourceKitten.git",
      "state" : {
        "revision" : "b5f9bb749057dd396e93f97956bef64672bc2a04",
        "version" : "0.33.0"
      }
    },
    {
      "identity" : "spectre",
      "kind" : "remoteSourceControl",
      "location" : "https://github.com/kylef/Spectre.git",
      "state" : {
        "revision" : "26cc5e9ae0947092c7139ef7ba612e34646086c7",
        "version" : "0.10.1"
      }
    },
    {
      "identity" : "swift-argument-parser",
      "kind" : "remoteSourceControl",
      "location" : "https://github.com/apple/swift-argument-parser.git",
      "state" : {
        "revision" : "df9ee6676cd5b3bf5b330ec7568a5644f547201b",
        "version" : "1.1.3"
      }
    },
    {
      "identity" : "swift-syntax",
      "kind" : "remoteSourceControl",
      "location" : "https://github.com/swiftlang/swift-syntax",
      "state" : {
        "revision" : "74203046135342e4a4a627476dd6caf8b28fe11b",
        "version" : "509.0.0"
      }
    },
    {
      "identity" : "swxmlhash",
      "kind" : "remoteSourceControl",
      "location" : "https://github.com/drmohundro/SWXMLHash.git",
      "state" : {
        "revision" : "a853604c9e9a83ad9954c7e3d2a565273982471f",
        "version" : "7.0.2"
      }
    },
    {
      "identity" : "xcodeproj",
      "kind" : "remoteSourceControl",
      "location" : "https://github.com/tuist/XcodeProj.git",
      "state" : {
        "revision" : "c75c3acc25460195cfd203a04dde165395bf00e0",
        "version" : "8.7.1"
      }
    },
    {
      "identity" : "yams",
      "kind" : "remoteSourceControl",
      "location" : "https://github.com/jpsim/Yams.git",
      "state" : {
        "revision" : "2688707e563b44d7d87c29ba6c5ca04ce86ae58b",
        "version" : "5.3.0"
      }
    },
    {
      "identity" : "zipfoundation",
      "kind" : "remoteSourceControl",
      "location" : "https://github.com/weichsel/ZIPFoundation.git",
      "state" : {
        "revision" : "1b662e2e7a091710ad8a963263939984e2ebf527",
        "version" : "0.9.14"
      }
    }
  ],
  "version" : 3
}
